// !$*UTF8*$!
{
	archiveVersion = 1;
	classes = {
	};
	objectVersion = 55;
	objects = {

/* Begin PBXBuildFile section */
		6360C929291C5BF3007C0539 /* MemorizeApp.swift in Sources */ = {isa = PBXBuildFile; fileRef = 6360C928291C5BF3007C0539 /* MemorizeApp.swift */; };
		6360C92B291C5BF3007C0539 /* EmojiMemoryGameView.swift in Sources */ = {isa = PBXBuildFile; fileRef = 6360C92A291C5BF3007C0539 /* EmojiMemoryGameView.swift */; };
		6360C92D291C5BF6007C0539 /* Assets.xcassets in Resources */ = {isa = PBXBuildFile; fileRef = 6360C92C291C5BF6007C0539 /* Assets.xcassets */; };
		6360C930291C5BF6007C0539 /* Preview Assets.xcassets in Resources */ = {isa = PBXBuildFile; fileRef = 6360C92F291C5BF6007C0539 /* Preview Assets.xcassets */; };
		6360C93A291C5BF6007C0539 /* MemorizeTests.swift in Sources */ = {isa = PBXBuildFile; fileRef = 6360C939291C5BF6007C0539 /* MemorizeTests.swift */; };
		6360C944291C5BF6007C0539 /* MemorizeUITests.swift in Sources */ = {isa = PBXBuildFile; fileRef = 6360C943291C5BF6007C0539 /* MemorizeUITests.swift */; };
		6360C946291C5BF6007C0539 /* MemorizeUITestsLaunchTests.swift in Sources */ = {isa = PBXBuildFile; fileRef = 6360C945291C5BF6007C0539 /* MemorizeUITestsLaunchTests.swift */; };
		6360CA1B292293C5007C0539 /* MemoryGame.swift in Sources */ = {isa = PBXBuildFile; fileRef = 6360CA1A292293C5007C0539 /* MemoryGame.swift */; };
		6360CA1D29229505007C0539 /* EmojiMemoryGame.swift in Sources */ = {isa = PBXBuildFile; fileRef = 6360CA1C29229505007C0539 /* EmojiMemoryGame.swift */; };
		6360CA1F2924347F007C0539 /* AspectVGrid.swift in Sources */ = {isa = PBXBuildFile; fileRef = 6360CA1E2924347F007C0539 /* AspectVGrid.swift */; };
		6360CA2129247666007C0539 /* Pie.swift in Sources */ = {isa = PBXBuildFile; fileRef = 6360CA2029247666007C0539 /* Pie.swift */; };
		6360CA232925274D007C0539 /* Cardify.swift in Sources */ = {isa = PBXBuildFile; fileRef = 6360CA222925274D007C0539 /* Cardify.swift */; };
/* End PBXBuildFile section */

/* Begin PBXContainerItemProxy section */
		6360C936291C5BF6007C0539 /* PBXContainerItemProxy */ = {
			isa = PBXContainerItemProxy;
			containerPortal = 6360C91D291C5BF2007C0539 /* Project object */;
			proxyType = 1;
			remoteGlobalIDString = 6360C924291C5BF2007C0539;
			remoteInfo = Memorize;
		};
		6360C940291C5BF6007C0539 /* PBXContainerItemProxy */ = {
			isa = PBXContainerItemProxy;
			containerPortal = 6360C91D291C5BF2007C0539 /* Project object */;
			proxyType = 1;
			remoteGlobalIDString = 6360C924291C5BF2007C0539;
			remoteInfo = Memorize;
		};
/* End PBXContainerItemProxy section */

/* Begin PBXFileReference section */
		6360C925291C5BF2007C0539 /* Memorize.app */ = {isa = PBXFileReference; explicitFileType = wrapper.application; includeInIndex = 0; path = Memorize.app; sourceTree = BUILT_PRODUCTS_DIR; };
		6360C928291C5BF3007C0539 /* MemorizeApp.swift */ = {isa = PBXFileReference; lastKnownFileType = sourcecode.swift; path = MemorizeApp.swift; sourceTree = "<group>"; };
		6360C92A291C5BF3007C0539 /* EmojiMemoryGameView.swift */ = {isa = PBXFileReference; lastKnownFileType = sourcecode.swift; path = EmojiMemoryGameView.swift; sourceTree = "<group>"; };
		6360C92C291C5BF6007C0539 /* Assets.xcassets */ = {isa = PBXFileReference; lastKnownFileType = folder.assetcatalog; path = Assets.xcassets; sourceTree = "<group>"; };
		6360C92F291C5BF6007C0539 /* Preview Assets.xcassets */ = {isa = PBXFileReference; lastKnownFileType = folder.assetcatalog; path = "Preview Assets.xcassets"; sourceTree = "<group>"; };
		6360C935291C5BF6007C0539 /* MemorizeTests.xctest */ = {isa = PBXFileReference; explicitFileType = wrapper.cfbundle; includeInIndex = 0; path = MemorizeTests.xctest; sourceTree = BUILT_PRODUCTS_DIR; };
		6360C939291C5BF6007C0539 /* MemorizeTests.swift */ = {isa = PBXFileReference; lastKnownFileType = sourcecode.swift; path = MemorizeTests.swift; sourceTree = "<group>"; };
		6360C93F291C5BF6007C0539 /* MemorizeUITests.xctest */ = {isa = PBXFileReference; explicitFileType = wrapper.cfbundle; includeInIndex = 0; path = MemorizeUITests.xctest; sourceTree = BUILT_PRODUCTS_DIR; };
		6360C943291C5BF6007C0539 /* MemorizeUITests.swift */ = {isa = PBXFileReference; lastKnownFileType = sourcecode.swift; path = MemorizeUITests.swift; sourceTree = "<group>"; };
		6360C945291C5BF6007C0539 /* MemorizeUITestsLaunchTests.swift */ = {isa = PBXFileReference; lastKnownFileType = sourcecode.swift; path = MemorizeUITestsLaunchTests.swift; sourceTree = "<group>"; };
		6360CA1A292293C5007C0539 /* MemoryGame.swift */ = {isa = PBXFileReference; lastKnownFileType = sourcecode.swift; path = MemoryGame.swift; sourceTree = "<group>"; };
		6360CA1C29229505007C0539 /* EmojiMemoryGame.swift */ = {isa = PBXFileReference; lastKnownFileType = sourcecode.swift; path = EmojiMemoryGame.swift; sourceTree = "<group>"; };
		6360CA1E2924347F007C0539 /* AspectVGrid.swift */ = {isa = PBXFileReference; lastKnownFileType = sourcecode.swift; path = AspectVGrid.swift; sourceTree = "<group>"; };
		6360CA2029247666007C0539 /* Pie.swift */ = {isa = PBXFileReference; lastKnownFileType = sourcecode.swift; path = Pie.swift; sourceTree = "<group>"; };
		6360CA222925274D007C0539 /* Cardify.swift */ = {isa = PBXFileReference; lastKnownFileType = sourcecode.swift; path = Cardify.swift; sourceTree = "<group>"; };
/* End PBXFileReference section */

/* Begin PBXFrameworksBuildPhase section */
		6360C922291C5BF2007C0539 /* Frameworks */ = {
			isa = PBXFrameworksBuildPhase;
			buildActionMask = 2147483647;
			files = (
			);
			runOnlyForDeploymentPostprocessing = 0;
		};
		6360C932291C5BF6007C0539 /* Frameworks */ = {
			isa = PBXFrameworksBuildPhase;
			buildActionMask = 2147483647;
			files = (
			);
			runOnlyForDeploymentPostprocessing = 0;
		};
		6360C93C291C5BF6007C0539 /* Frameworks */ = {
			isa = PBXFrameworksBuildPhase;
			buildActionMask = 2147483647;
			files = (
			);
			runOnlyForDeploymentPostprocessing = 0;
		};
/* End PBXFrameworksBuildPhase section */

/* Begin PBXGroup section */
		6360C91C291C5BF2007C0539 = {
			isa = PBXGroup;
			children = (
				6360C927291C5BF2007C0539 /* Memorize */,
				6360C938291C5BF6007C0539 /* MemorizeTests */,
				6360C942291C5BF6007C0539 /* MemorizeUITests */,
				6360C926291C5BF2007C0539 /* Products */,
			);
			sourceTree = "<group>";
		};
		6360C926291C5BF2007C0539 /* Products */ = {
			isa = PBXGroup;
			children = (
				6360C925291C5BF2007C0539 /* Memorize.app */,
				6360C935291C5BF6007C0539 /* MemorizeTests.xctest */,
				6360C93F291C5BF6007C0539 /* MemorizeUITests.xctest */,
			);
			name = Products;
			sourceTree = "<group>";
		};
		6360C927291C5BF2007C0539 /* Memorize */ = {
			isa = PBXGroup;
			children = (
				6360CA1A292293C5007C0539 /* MemoryGame.swift */,
				6360CA1C29229505007C0539 /* EmojiMemoryGame.swift */,
				6360C928291C5BF3007C0539 /* MemorizeApp.swift */,
				6360C92A291C5BF3007C0539 /* EmojiMemoryGameView.swift */,
				6360CA1E2924347F007C0539 /* AspectVGrid.swift */,
				6360CA2029247666007C0539 /* Pie.swift */,
				6360CA222925274D007C0539 /* Cardify.swift */,
				6360C92C291C5BF6007C0539 /* Assets.xcassets */,
				6360C92E291C5BF6007C0539 /* Preview Content */,
			);
			path = Memorize;
			sourceTree = "<group>";
		};
		6360C92E291C5BF6007C0539 /* Preview Content */ = {
			isa = PBXGroup;
			children = (
				6360C92F291C5BF6007C0539 /* Preview Assets.xcassets */,
			);
			path = "Preview Content";
			sourceTree = "<group>";
		};
		6360C938291C5BF6007C0539 /* MemorizeTests */ = {
			isa = PBXGroup;
			children = (
				6360C939291C5BF6007C0539 /* MemorizeTests.swift */,
			);
			path = MemorizeTests;
			sourceTree = "<group>";
		};
		6360C942291C5BF6007C0539 /* MemorizeUITests */ = {
			isa = PBXGroup;
			children = (
				6360C943291C5BF6007C0539 /* MemorizeUITests.swift */,
				6360C945291C5BF6007C0539 /* MemorizeUITestsLaunchTests.swift */,
			);
			path = MemorizeUITests;
			sourceTree = "<group>";
		};
/* End PBXGroup section */

/* Begin PBXNativeTarget section */
		6360C924291C5BF2007C0539 /* Memorize */ = {
			isa = PBXNativeTarget;
			buildConfigurationList = 6360C949291C5BF6007C0539 /* Build configuration list for PBXNativeTarget "Memorize" */;
			buildPhases = (
				6360C921291C5BF2007C0539 /* Sources */,
				6360C922291C5BF2007C0539 /* Frameworks */,
				6360C923291C5BF2007C0539 /* Resources */,
			);
			buildRules = (
			);
			dependencies = (
			);
			name = Memorize;
			productName = Memorize;
			productReference = 6360C925291C5BF2007C0539 /* Memorize.app */;
			productType = "com.apple.product-type.application";
		};
		6360C934291C5BF6007C0539 /* MemorizeTests */ = {
			isa = PBXNativeTarget;
			buildConfigurationList = 6360C94C291C5BF6007C0539 /* Build configuration list for PBXNativeTarget "MemorizeTests" */;
			buildPhases = (
				6360C931291C5BF6007C0539 /* Sources */,
				6360C932291C5BF6007C0539 /* Frameworks */,
				6360C933291C5BF6007C0539 /* Resources */,
			);
			buildRules = (
			);
			dependencies = (
				6360C937291C5BF6007C0539 /* PBXTargetDependency */,
			);
			name = MemorizeTests;
			productName = MemorizeTests;
			productReference = 6360C935291C5BF6007C0539 /* MemorizeTests.xctest */;
			productType = "com.apple.product-type.bundle.unit-test";
		};
		6360C93E291C5BF6007C0539 /* MemorizeUITests */ = {
			isa = PBXNativeTarget;
			buildConfigurationList = 6360C94F291C5BF6007C0539 /* Build configuration list for PBXNativeTarget "MemorizeUITests" */;
			buildPhases = (
				6360C93B291C5BF6007C0539 /* Sources */,
				6360C93C291C5BF6007C0539 /* Frameworks */,
				6360C93D291C5BF6007C0539 /* Resources */,
			);
			buildRules = (
			);
			dependencies = (
				6360C941291C5BF6007C0539 /* PBXTargetDependency */,
			);
			name = MemorizeUITests;
			productName = MemorizeUITests;
			productReference = 6360C93F291C5BF6007C0539 /* MemorizeUITests.xctest */;
			productType = "com.apple.product-type.bundle.ui-testing";
		};
/* End PBXNativeTarget section */

/* Begin PBXProject section */
		6360C91D291C5BF2007C0539 /* Project object */ = {
			isa = PBXProject;
			attributes = {
				BuildIndependentTargetsInParallel = 1;
				LastSwiftUpdateCheck = 1330;
				LastUpgradeCheck = 1330;
				TargetAttributes = {
					6360C924291C5BF2007C0539 = {
						CreatedOnToolsVersion = 13.3;
					};
					6360C934291C5BF6007C0539 = {
						CreatedOnToolsVersion = 13.3;
						TestTargetID = 6360C924291C5BF2007C0539;
					};
					6360C93E291C5BF6007C0539 = {
						CreatedOnToolsVersion = 13.3;
						TestTargetID = 6360C924291C5BF2007C0539;
					};
				};
			};
			buildConfigurationList = 6360C920291C5BF2007C0539 /* Build configuration list for PBXProject "Memorize" */;
			compatibilityVersion = "Xcode 13.0";
			developmentRegion = en;
			hasScannedForEncodings = 0;
			knownRegions = (
				en,
				Base,
			);
			mainGroup = 6360C91C291C5BF2007C0539;
			productRefGroup = 6360C926291C5BF2007C0539 /* Products */;
			projectDirPath = "";
			projectRoot = "";
			targets = (
				6360C924291C5BF2007C0539 /* Memorize */,
				6360C934291C5BF6007C0539 /* MemorizeTests */,
				6360C93E291C5BF6007C0539 /* MemorizeUITests */,
			);
		};
/* End PBXProject section */

/* Begin PBXResourcesBuildPhase section */
		6360C923291C5BF2007C0539 /* Resources */ = {
			isa = PBXResourcesBuildPhase;
			buildActionMask = 2147483647;
			files = (
				6360C930291C5BF6007C0539 /* Preview Assets.xcassets in Resources */,
				6360C92D291C5BF6007C0539 /* Assets.xcassets in Resources */,
			);
			runOnlyForDeploymentPostprocessing = 0;
		};
		6360C933291C5BF6007C0539 /* Resources */ = {
			isa = PBXResourcesBuildPhase;
			buildActionMask = 2147483647;
			files = (
			);
			runOnlyForDeploymentPostprocessing = 0;
		};
		6360C93D291C5BF6007C0539 /* Resources */ = {
			isa = PBXResourcesBuildPhase;
			buildActionMask = 2147483647;
			files = (
			);
			runOnlyForDeploymentPostprocessing = 0;
		};
/* End PBXResourcesBuildPhase section */

/* Begin PBXSourcesBuildPhase section */
		6360C921291C5BF2007C0539 /* Sources */ = {
			isa = PBXSourcesBuildPhase;
			buildActionMask = 2147483647;
			files = (
				6360CA2129247666007C0539 /* Pie.swift in Sources */,
				6360CA232925274D007C0539 /* Cardify.swift in Sources */,
				6360CA1B292293C5007C0539 /* MemoryGame.swift in Sources */,
				6360C92B291C5BF3007C0539 /* EmojiMemoryGameView.swift in Sources */,
				6360C929291C5BF3007C0539 /* MemorizeApp.swift in Sources */,
				6360CA1F2924347F007C0539 /* AspectVGrid.swift in Sources */,
				6360CA1D29229505007C0539 /* EmojiMemoryGame.swift in Sources */,
			);
			runOnlyForDeploymentPostprocessing = 0;
		};
		6360C931291C5BF6007C0539 /* Sources */ = {
			isa = PBXSourcesBuildPhase;
			buildActionMask = 2147483647;
			files = (
				6360C93A291C5BF6007C0539 /* MemorizeTests.swift in Sources */,
			);
			runOnlyForDeploymentPostprocessing = 0;
		};
		6360C93B291C5BF6007C0539 /* Sources */ = {
			isa = PBXSourcesBuildPhase;
			buildActionMask = 2147483647;
			files = (
				6360C946291C5BF6007C0539 /* MemorizeUITestsLaunchTests.swift in Sources */,
				6360C944291C5BF6007C0539 /* MemorizeUITests.swift in Sources */,
			);
			runOnlyForDeploymentPostprocessing = 0;
		};
/* End PBXSourcesBuildPhase section */

/* Begin PBXTargetDependency section */
		6360C937291C5BF6007C0539 /* PBXTargetDependency */ = {
			isa = PBXTargetDependency;
			target = 6360C924291C5BF2007C0539 /* Memorize */;
			targetProxy = 6360C936291C5BF6007C0539 /* PBXContainerItemProxy */;
		};
		6360C941291C5BF6007C0539 /* PBXTargetDependency */ = {
			isa = PBXTargetDependency;
			target = 6360C924291C5BF2007C0539 /* Memorize */;
			targetProxy = 6360C940291C5BF6007C0539 /* PBXContainerItemProxy */;
		};
/* End PBXTargetDependency section */

/* Begin XCBuildConfiguration section */
		6360C947291C5BF6007C0539 /* Debug */ = {
			isa = XCBuildConfiguration;
			buildSettings = {
				ALWAYS_SEARCH_USER_PATHS = NO;
				CLANG_ANALYZER_NONNULL = YES;
				CLANG_ANALYZER_NUMBER_OBJECT_CONVERSION = YES_AGGRESSIVE;
				CLANG_CXX_LANGUAGE_STANDARD = "gnu++17";
				CLANG_ENABLE_MODULES = YES;
				CLANG_ENABLE_OBJC_ARC = YES;
				CLANG_ENABLE_OBJC_WEAK = YES;
				CLANG_WARN_BLOCK_CAPTURE_AUTORELEASING = YES;
				CLANG_WARN_BOOL_CONVERSION = YES;
				CLANG_WARN_COMMA = YES;
				CLANG_WARN_CONSTANT_CONVERSION = YES;
				CLANG_WARN_DEPRECATED_OBJC_IMPLEMENTATIONS = YES;
				CLANG_WARN_DIRECT_OBJC_ISA_USAGE = YES_ERROR;
				CLANG_WARN_DOCUMENTATION_COMMENTS = YES;
				CLANG_WARN_EMPTY_BODY = YES;
				CLANG_WARN_ENUM_CONVERSION = YES;
				CLANG_WARN_INFINITE_RECURSION = YES;
				CLANG_WARN_INT_CONVERSION = YES;
				CLANG_WARN_NON_LITERAL_NULL_CONVERSION = YES;
				CLANG_WARN_OBJC_IMPLICIT_RETAIN_SELF = YES;
				CLANG_WARN_OBJC_LITERAL_CONVERSION = YES;
				CLANG_WARN_OBJC_ROOT_CLASS = YES_ERROR;
				CLANG_WARN_QUOTED_INCLUDE_IN_FRAMEWORK_HEADER = YES;
				CLANG_WARN_RANGE_LOOP_ANALYSIS = YES;
				CLANG_WARN_STRICT_PROTOTYPES = YES;
				CLANG_WARN_SUSPICIOUS_MOVE = YES;
				CLANG_WARN_UNGUARDED_AVAILABILITY = YES_AGGRESSIVE;
				CLANG_WARN_UNREACHABLE_CODE = YES;
				CLANG_WARN__DUPLICATE_METHOD_MATCH = YES;
				COPY_PHASE_STRIP = NO;
				DEBUG_INFORMATION_FORMAT = dwarf;
				ENABLE_STRICT_OBJC_MSGSEND = YES;
				ENABLE_TESTABILITY = YES;
				GCC_C_LANGUAGE_STANDARD = gnu11;
				GCC_DYNAMIC_NO_PIC = NO;
				GCC_NO_COMMON_BLOCKS = YES;
				GCC_OPTIMIZATION_LEVEL = 0;
				GCC_PREPROCESSOR_DEFINITIONS = (
					"DEBUG=1",
					"$(inherited)",
				);
				GCC_WARN_64_TO_32_BIT_CONVERSION = YES;
				GCC_WARN_ABOUT_RETURN_TYPE = YES_ERROR;
				GCC_WARN_UNDECLARED_SELECTOR = YES;
				GCC_WARN_UNINITIALIZED_AUTOS = YES_AGGRESSIVE;
				GCC_WARN_UNUSED_FUNCTION = YES;
				GCC_WARN_UNUSED_VARIABLE = YES;
				IPHONEOS_DEPLOYMENT_TARGET = 15.4;
				MTL_ENABLE_DEBUG_INFO = INCLUDE_SOURCE;
				MTL_FAST_MATH = YES;
				ONLY_ACTIVE_ARCH = YES;
				SDKROOT = iphoneos;
				SWIFT_ACTIVE_COMPILATION_CONDITIONS = DEBUG;
				SWIFT_OPTIMIZATION_LEVEL = "-Onone";
			};
			name = Debug;
		};
		6360C948291C5BF6007C0539 /* Release */ = {
			isa = XCBuildConfiguration;
			buildSettings = {
				ALWAYS_SEARCH_USER_PATHS = NO;
				CLANG_ANALYZER_NONNULL = YES;
				CLANG_ANALYZER_NUMBER_OBJECT_CONVERSION = YES_AGGRESSIVE;
				CLANG_CXX_LANGUAGE_STANDARD = "gnu++17";
				CLANG_ENABLE_MODULES = YES;
				CLANG_ENABLE_OBJC_ARC = YES;
				CLANG_ENABLE_OBJC_WEAK = YES;
				CLANG_WARN_BLOCK_CAPTURE_AUTORELEASING = YES;
				CLANG_WARN_BOOL_CONVERSION = YES;
				CLANG_WARN_COMMA = YES;
				CLANG_WARN_CONSTANT_CONVERSION = YES;
				CLANG_WARN_DEPRECATED_OBJC_IMPLEMENTATIONS = YES;
				CLANG_WARN_DIRECT_OBJC_ISA_USAGE = YES_ERROR;
				CLANG_WARN_DOCUMENTATION_COMMENTS = YES;
				CLANG_WARN_EMPTY_BODY = YES;
				CLANG_WARN_ENUM_CONVERSION = YES;
				CLANG_WARN_INFINITE_RECURSION = YES;
				CLANG_WARN_INT_CONVERSION = YES;
				CLANG_WARN_NON_LITERAL_NULL_CONVERSION = YES;
				CLANG_WARN_OBJC_IMPLICIT_RETAIN_SELF = YES;
				CLANG_WARN_OBJC_LITERAL_CONVERSION = YES;
				CLANG_WARN_OBJC_ROOT_CLASS = YES_ERROR;
				CLANG_WARN_QUOTED_INCLUDE_IN_FRAMEWORK_HEADER = YES;
				CLANG_WARN_RANGE_LOOP_ANALYSIS = YES;
				CLANG_WARN_STRICT_PROTOTYPES = YES;
				CLANG_WARN_SUSPICIOUS_MOVE = YES;
				CLANG_WARN_UNGUARDED_AVAILABILITY = YES_AGGRESSIVE;
				CLANG_WARN_UNREACHABLE_CODE = YES;
				CLANG_WARN__DUPLICATE_METHOD_MATCH = YES;
				COPY_PHASE_STRIP = NO;
				DEBUG_INFORMATION_FORMAT = "dwarf-with-dsym";
				ENABLE_NS_ASSERTIONS = NO;
				ENABLE_STRICT_OBJC_MSGSEND = YES;
				GCC_C_LANGUAGE_STANDARD = gnu11;
				GCC_NO_COMMON_BLOCKS = YES;
				GCC_WARN_64_TO_32_BIT_CONVERSION = YES;
				GCC_WARN_ABOUT_RETURN_TYPE = YES_ERROR;
				GCC_WARN_UNDECLARED_SELECTOR = YES;
				GCC_WARN_UNINITIALIZED_AUTOS = YES_AGGRESSIVE;
				GCC_WARN_UNUSED_FUNCTION = YES;
				GCC_WARN_UNUSED_VARIABLE = YES;
				IPHONEOS_DEPLOYMENT_TARGET = 15.4;
				MTL_ENABLE_DEBUG_INFO = NO;
				MTL_FAST_MATH = YES;
				SDKROOT = iphoneos;
				SWIFT_COMPILATION_MODE = wholemodule;
				SWIFT_OPTIMIZATION_LEVEL = "-O";
				VALIDATE_PRODUCT = YES;
			};
			name = Release;
		};
		6360C94A291C5BF6007C0539 /* Debug */ = {
			isa = XCBuildConfiguration;
			buildSettings = {
				ASSETCATALOG_COMPILER_APPICON_NAME = AppIcon;
				ASSETCATALOG_COMPILER_GLOBAL_ACCENT_COLOR_NAME = AccentColor;
				CODE_SIGN_STYLE = Automatic;
				CURRENT_PROJECT_VERSION = 1;
				DEVELOPMENT_ASSET_PATHS = "\"Memorize/Preview Content\"";
				DEVELOPMENT_TEAM = 83R62UE2X5;
				ENABLE_PREVIEWS = YES;
				GENERATE_INFOPLIST_FILE = YES;
				INFOPLIST_KEY_UIApplicationSceneManifest_Generation = YES;
				INFOPLIST_KEY_UIApplicationSupportsIndirectInputEvents = YES;
				INFOPLIST_KEY_UILaunchScreen_Generation = YES;
				INFOPLIST_KEY_UISupportedInterfaceOrientations_iPad = "UIInterfaceOrientationPortrait UIInterfaceOrientationPortraitUpsideDown UIInterfaceOrientationLandscapeLeft UIInterfaceOrientationLandscapeRight";
				INFOPLIST_KEY_UISupportedInterfaceOrientations_iPhone = "UIInterfaceOrientationPortrait UIInterfaceOrientationLandscapeLeft UIInterfaceOrientationLandscapeRight";
				LD_RUNPATH_SEARCH_PATHS = (
					"$(inherited)",
					"@executable_path/Frameworks",
				);
				MARKETING_VERSION = 1.0;
				PRODUCT_BUNDLE_IDENTIFIER = com.abhiram.Memorize;
				PRODUCT_NAME = "$(TARGET_NAME)";
				SWIFT_EMIT_LOC_STRINGS = YES;
				SWIFT_VERSION = 5.0;
				TARGETED_DEVICE_FAMILY = "1,2";
			};
			name = Debug;
		};
		6360C94B291C5BF6007C0539 /* Release */ = {
			isa = XCBuildConfiguration;
			buildSettings = {
				ASSETCATALOG_COMPILER_APPICON_NAME = AppIcon;
				ASSETCATALOG_COMPILER_GLOBAL_ACCENT_COLOR_NAME = AccentColor;
				CODE_SIGN_STYLE = Automatic;
				CURRENT_PROJECT_VERSION = 1;
				DEVELOPMENT_ASSET_PATHS = "\"Memorize/Preview Content\"";
				DEVELOPMENT_TEAM = 83R62UE2X5;
				ENABLE_PREVIEWS = YES;
				GENERATE_INFOPLIST_FILE = YES;
				INFOPLIST_KEY_UIApplicationSceneManifest_Generation = YES;
				INFOPLIST_KEY_UIApplicationSupportsIndirectInputEvents = YES;
				INFOPLIST_KEY_UILaunchScreen_Generation = YES;
				INFOPLIST_KEY_UISupportedInterfaceOrientations_iPad = "UIInterfaceOrientationPortrait UIInterfaceOrientationPortraitUpsideDown UIInterfaceOrientationLandscapeLeft UIInterfaceOrientationLandscapeRight";
				INFOPLIST_KEY_UISupportedInterfaceOrientations_iPhone = "UIInterfaceOrientationPortrait UIInterfaceOrientationLandscapeLeft UIInterfaceOrientationLandscapeRight";
				LD_RUNPATH_SEARCH_PATHS = (
					"$(inherited)",
					"@executable_path/Frameworks",
				);
				MARKETING_VERSION = 1.0;
				PRODUCT_BUNDLE_IDENTIFIER = com.abhiram.Memorize;
				PRODUCT_NAME = "$(TARGET_NAME)";
				SWIFT_EMIT_LOC_STRINGS = YES;
				SWIFT_VERSION = 5.0;
				TARGETED_DEVICE_FAMILY = "1,2";
			};
			name = Release;
		};
		6360C94D291C5BF6007C0539 /* Debug */ = {
			isa = XCBuildConfiguration;
			buildSettings = {
				ALWAYS_EMBED_SWIFT_STANDARD_LIBRARIES = YES;
				BUNDLE_LOADER = "$(TEST_HOST)";
				CODE_SIGN_STYLE = Automatic;
				CURRENT_PROJECT_VERSION = 1;
				DEVELOPMENT_TEAM = 83R62UE2X5;
				GENERATE_INFOPLIST_FILE = YES;
				IPHONEOS_DEPLOYMENT_TARGET = 15.4;
				MARKETING_VERSION = 1.0;
				PRODUCT_BUNDLE_IDENTIFIER = com.abhiram.MemorizeTests;
				PRODUCT_NAME = "$(TARGET_NAME)";
				SWIFT_EMIT_LOC_STRINGS = NO;
				SWIFT_VERSION = 5.0;
				TARGETED_DEVICE_FAMILY = "1,2";
				TEST_HOST = "$(BUILT_PRODUCTS_DIR)/Memorize.app/Memorize";
			};
			name = Debug;
		};
		6360C94E291C5BF6007C0539 /* Release */ = {
			isa = XCBuildConfiguration;
			buildSettings = {
				ALWAYS_EMBED_SWIFT_STANDARD_LIBRARIES = YES;
				BUNDLE_LOADER = "$(TEST_HOST)";
				CODE_SIGN_STYLE = Automatic;
				CURRENT_PROJECT_VERSION = 1;
				DEVELOPMENT_TEAM = 83R62UE2X5;
				GENERATE_INFOPLIST_FILE = YES;
				IPHONEOS_DEPLOYMENT_TARGET = 15.4;
				MARKETING_VERSION = 1.0;
				PRODUCT_BUNDLE_IDENTIFIER = com.abhiram.MemorizeTests;
				PRODUCT_NAME = "$(TARGET_NAME)";
				SWIFT_EMIT_LOC_STRINGS = NO;
				SWIFT_VERSION = 5.0;
				TARGETED_DEVICE_FAMILY = "1,2";
				TEST_HOST = "$(BUILT_PRODUCTS_DIR)/Memorize.app/Memorize";
			};
			name = Release;
		};
		6360C950291C5BF6007C0539 /* Debug */ = {
			isa = XCBuildConfiguration;
			buildSettings = {
				ALWAYS_EMBED_SWIFT_STANDARD_LIBRARIES = YES;
				CODE_SIGN_STYLE = Automatic;
				CURRENT_PROJECT_VERSION = 1;
				DEVELOPMENT_TEAM = 83R62UE2X5;
				GENERATE_INFOPLIST_FILE = YES;
				MARKETING_VERSION = 1.0;
				PRODUCT_BUNDLE_IDENTIFIER = com.abhiram.MemorizeUITests;
				PRODUCT_NAME = "$(TARGET_NAME)";
				SWIFT_EMIT_LOC_STRINGS = NO;
				SWIFT_VERSION = 5.0;
				TARGETED_DEVICE_FAMILY = "1,2";
				TEST_TARGET_NAME = Memorize;
			};
			name = Debug;
		};
		6360C951291C5BF6007C0539 /* Release */ = {
			isa = XCBuildConfiguration;
			buildSettings = {
				ALWAYS_EMBED_SWIFT_STANDARD_LIBRARIES = YES;
				CODE_SIGN_STYLE = Automatic;
				CURRENT_PROJECT_VERSION = 1;
				DEVELOPMENT_TEAM = 83R62UE2X5;
				GENERATE_INFOPLIST_FILE = YES;
				MARKETING_VERSION = 1.0;
				PRODUCT_BUNDLE_IDENTIFIER = com.abhiram.MemorizeUITests;
				PRODUCT_NAME = "$(TARGET_NAME)";
				SWIFT_EMIT_LOC_STRINGS = NO;
				SWIFT_VERSION = 5.0;
				TARGETED_DEVICE_FAMILY = "1,2";
				TEST_TARGET_NAME = Memorize;
			};
			name = Release;
		};
/* End XCBuildConfiguration section */

/* Begin XCConfigurationList section */
		6360C920291C5BF2007C0539 /* Build configuration list for PBXProject "Memorize" */ = {
			isa = XCConfigurationList;
			buildConfigurations = (
				6360C947291C5BF6007C0539 /* Debug */,
				6360C948291C5BF6007C0539 /* Release */,
			);
			defaultConfigurationIsVisible = 0;
			defaultConfigurationName = Release;
		};
		6360C949291C5BF6007C0539 /* Build configuration list for PBXNativeTarget "Memorize" */ = {
			isa = XCConfigurationList;
			buildConfigurations = (
				6360C94A291C5BF6007C0539 /* Debug */,
				6360C94B291C5BF6007C0539 /* Release */,
			);
			defaultConfigurationIsVisible = 0;
			defaultConfigurationName = Release;
		};
		6360C94C291C5BF6007C0539 /* Build configuration list for PBXNativeTarget "MemorizeTests" */ = {
			isa = XCConfigurationList;
			buildConfigurations = (
				6360C94D291C5BF6007C0539 /* Debug */,
				6360C94E291C5BF6007C0539 /* Release */,
			);
			defaultConfigurationIsVisible = 0;
			defaultConfigurationName = Release;
		};
		6360C94F291C5BF6007C0539 /* Build configuration list for PBXNativeTarget "MemorizeUITests" */ = {
			isa = XCConfigurationList;
			buildConfigurations = (
				6360C950291C5BF6007C0539 /* Debug */,
				6360C951291C5BF6007C0539 /* Release */,
			);
			defaultConfigurationIsVisible = 0;
			defaultConfigurationName = Release;
		};
/* End XCConfigurationList section */
	};
	rootObject = 6360C91D291C5BF2007C0539 /* Project object */;
}
